// !$*UTF8*$!
{
	archiveVersion = 1;
	classes = {
	};
	objectVersion = 46;
	objects = {

/* Begin PBXBuildFile section */
		78C6A09B1B9782E900A02B78 /* AppDelegate.swift in Sources */ = {isa = PBXBuildFile; fileRef = 78C6A09A1B9782E900A02B78 /* AppDelegate.swift */; };
		78C6A09E1B9782E900A02B78 /* Notes.xcdatamodeld in Sources */ = {isa = PBXBuildFile; fileRef = 78C6A09C1B9782E900A02B78 /* Notes.xcdatamodeld */; };
		78C6A0A01B9782E900A02B78 /* FoldersViewController.swift in Sources */ = {isa = PBXBuildFile; fileRef = 78C6A09F1B9782E900A02B78 /* FoldersViewController.swift */; };
		78C6A0A31B9782E900A02B78 /* Main.storyboard in Resources */ = {isa = PBXBuildFile; fileRef = 78C6A0A11B9782E900A02B78 /* Main.storyboard */; };
		78C6A0A51B9782E900A02B78 /* Images.xcassets in Resources */ = {isa = PBXBuildFile; fileRef = 78C6A0A41B9782E900A02B78 /* Images.xcassets */; };
		78C6A0A81B9782E900A02B78 /* LaunchScreen.xib in Resources */ = {isa = PBXBuildFile; fileRef = 78C6A0A61B9782E900A02B78 /* LaunchScreen.xib */; };
		78C6A0B41B9782E900A02B78 /* NotesTests.swift in Sources */ = {isa = PBXBuildFile; fileRef = 78C6A0B31B9782E900A02B78 /* NotesTests.swift */; };
		78C6A0BE1B97955500A02B78 /* NavigationControllerViewController.swift in Sources */ = {isa = PBXBuildFile; fileRef = 78C6A0BD1B97955500A02B78 /* NavigationControllerViewController.swift */; };
		78C6A0C01B97C29B00A02B78 /* ListViewController.swift in Sources */ = {isa = PBXBuildFile; fileRef = 78C6A0BF1B97C29B00A02B78 /* ListViewController.swift */; };
		78C6A0C21B97CA9E00A02B78 /* Note.swift in Sources */ = {isa = PBXBuildFile; fileRef = 78C6A0C11B97CA9E00A02B78 /* Note.swift */; };
/* End PBXBuildFile section */

/* Begin PBXContainerItemProxy section */
		78C6A0AE1B9782E900A02B78 /* PBXContainerItemProxy */ = {
			isa = PBXContainerItemProxy;
			containerPortal = 78C6A08D1B9782E900A02B78 /* Project object */;
			proxyType = 1;
			remoteGlobalIDString = 78C6A0941B9782E900A02B78;
			remoteInfo = Notes;
		};
/* End PBXContainerItemProxy section */

/* Begin PBXFileReference section */
		78C6A0951B9782E900A02B78 /* Notes.app */ = {isa = PBXFileReference; explicitFileType = wrapper.application; includeInIndex = 0; path = Notes.app; sourceTree = BUILT_PRODUCTS_DIR; };
		78C6A0991B9782E900A02B78 /* Info.plist */ = {isa = PBXFileReference; lastKnownFileType = text.plist.xml; path = Info.plist; sourceTree = "<group>"; };
		78C6A09A1B9782E900A02B78 /* AppDelegate.swift */ = {isa = PBXFileReference; lastKnownFileType = sourcecode.swift; path = AppDelegate.swift; sourceTree = "<group>"; };
		78C6A09D1B9782E900A02B78 /* Notes.xcdatamodel */ = {isa = PBXFileReference; lastKnownFileType = wrapper.xcdatamodel; path = Notes.xcdatamodel; sourceTree = "<group>"; };
		78C6A09F1B9782E900A02B78 /* FoldersViewController.swift */ = {isa = PBXFileReference; lastKnownFileType = sourcecode.swift; path = FoldersViewController.swift; sourceTree = "<group>"; };
		78C6A0A21B9782E900A02B78 /* Base */ = {isa = PBXFileReference; lastKnownFileType = file.storyboard; name = Base; path = Base.lproj/Main.storyboard; sourceTree = "<group>"; };
		78C6A0A41B9782E900A02B78 /* Images.xcassets */ = {isa = PBXFileReference; lastKnownFileType = folder.assetcatalog; path = Images.xcassets; sourceTree = "<group>"; };
		78C6A0A71B9782E900A02B78 /* Base */ = {isa = PBXFileReference; lastKnownFileType = file.xib; name = Base; path = Base.lproj/LaunchScreen.xib; sourceTree = "<group>"; };
		78C6A0AD1B9782E900A02B78 /* NotesTests.xctest */ = {isa = PBXFileReference; explicitFileType = wrapper.cfbundle; includeInIndex = 0; path = NotesTests.xctest; sourceTree = BUILT_PRODUCTS_DIR; };
		78C6A0B21B9782E900A02B78 /* Info.plist */ = {isa = PBXFileReference; lastKnownFileType = text.plist.xml; path = Info.plist; sourceTree = "<group>"; };
		78C6A0B31B9782E900A02B78 /* NotesTests.swift */ = {isa = PBXFileReference; lastKnownFileType = sourcecode.swift; path = NotesTests.swift; sourceTree = "<group>"; };
		78C6A0BD1B97955500A02B78 /* NavigationControllerViewController.swift */ = {isa = PBXFileReference; fileEncoding = 4; lastKnownFileType = sourcecode.swift; path = NavigationControllerViewController.swift; sourceTree = "<group>"; };
		78C6A0BF1B97C29B00A02B78 /* ListViewController.swift */ = {isa = PBXFileReference; fileEncoding = 4; lastKnownFileType = sourcecode.swift; path = ListViewController.swift; sourceTree = "<group>"; };
		78C6A0C11B97CA9E00A02B78 /* Note.swift */ = {isa = PBXFileReference; fileEncoding = 4; lastKnownFileType = sourcecode.swift; name = Note.swift; path = Notes/Note.swift; sourceTree = "<group>"; };
/* End PBXFileReference section */

/* Begin PBXFrameworksBuildPhase section */
		78C6A0921B9782E900A02B78 /* Frameworks */ = {
			isa = PBXFrameworksBuildPhase;
			buildActionMask = 2147483647;
			files = (
			);
			runOnlyForDeploymentPostprocessing = 0;
		};
		78C6A0AA1B9782E900A02B78 /* Frameworks */ = {
			isa = PBXFrameworksBuildPhase;
			buildActionMask = 2147483647;
			files = (
			);
			runOnlyForDeploymentPostprocessing = 0;
		};
/* End PBXFrameworksBuildPhase section */

/* Begin PBXGroup section */
		78C6A08C1B9782E900A02B78 = {
			isa = PBXGroup;
			children = (
				78C6A0971B9782E900A02B78 /* Notes */,
				78C6A0B01B9782E900A02B78 /* NotesTests */,
				78C6A0961B9782E900A02B78 /* Products */,
			);
			sourceTree = "<group>";
		};
		78C6A0961B9782E900A02B78 /* Products */ = {
			isa = PBXGroup;
			children = (
				78C6A0951B9782E900A02B78 /* Notes.app */,
				78C6A0AD1B9782E900A02B78 /* NotesTests.xctest */,
			);
			name = Products;
			sourceTree = "<group>";
		};
		78C6A0971B9782E900A02B78 /* Notes */ = {
			isa = PBXGroup;
			children = (
				78C6A09A1B9782E900A02B78 /* AppDelegate.swift */,
				78C6A0BD1B97955500A02B78 /* NavigationControllerViewController.swift */,
				78C6A09F1B9782E900A02B78 /* FoldersViewController.swift */,
				78C6A0BF1B97C29B00A02B78 /* ListViewController.swift */,
				78C6A0A11B9782E900A02B78 /* Main.storyboard */,
				78C6A0A41B9782E900A02B78 /* Images.xcassets */,
				78C6A0A61B9782E900A02B78 /* LaunchScreen.xib */,
				78C6A09C1B9782E900A02B78 /* Notes.xcdatamodeld */,
				78C6A0C31B97CAA700A02B78 /* Model */,
				78C6A0981B9782E900A02B78 /* Supporting Files */,
			);
			path = Notes;
			sourceTree = "<group>";
		};
		78C6A0981B9782E900A02B78 /* Supporting Files */ = {
			isa = PBXGroup;
			children = (
				78C6A0991B9782E900A02B78 /* Info.plist */,
			);
			name = "Supporting Files";
			sourceTree = "<group>";
		};
		78C6A0B01B9782E900A02B78 /* NotesTests */ = {
			isa = PBXGroup;
			children = (
				78C6A0B31B9782E900A02B78 /* NotesTests.swift */,
				78C6A0B11B9782E900A02B78 /* Supporting Files */,
			);
			path = NotesTests;
			sourceTree = "<group>";
		};
		78C6A0B11B9782E900A02B78 /* Supporting Files */ = {
			isa = PBXGroup;
			children = (
				78C6A0B21B9782E900A02B78 /* Info.plist */,
			);
			name = "Supporting Files";
			sourceTree = "<group>";
		};
		78C6A0C31B97CAA700A02B78 /* Model */ = {
			isa = PBXGroup;
			children = (
				78C6A0C11B97CA9E00A02B78 /* Note.swift */,
			);
			name = Model;
			path = ..;
			sourceTree = "<group>";
		};
/* End PBXGroup section */

/* Begin PBXNativeTarget section */
		78C6A0941B9782E900A02B78 /* Notes */ = {
			isa = PBXNativeTarget;
			buildConfigurationList = 78C6A0B71B9782E900A02B78 /* Build configuration list for PBXNativeTarget "Notes" */;
			buildPhases = (
				78C6A0911B9782E900A02B78 /* Sources */,
				78C6A0921B9782E900A02B78 /* Frameworks */,
				78C6A0931B9782E900A02B78 /* Resources */,
			);
			buildRules = (
			);
			dependencies = (
			);
			name = Notes;
			productName = Notes;
			productReference = 78C6A0951B9782E900A02B78 /* Notes.app */;
			productType = "com.apple.product-type.application";
		};
		78C6A0AC1B9782E900A02B78 /* NotesTests */ = {
			isa = PBXNativeTarget;
			buildConfigurationList = 78C6A0BA1B9782E900A02B78 /* Build configuration list for PBXNativeTarget "NotesTests" */;
			buildPhases = (
				78C6A0A91B9782E900A02B78 /* Sources */,
				78C6A0AA1B9782E900A02B78 /* Frameworks */,
				78C6A0AB1B9782E900A02B78 /* Resources */,
			);
			buildRules = (
			);
			dependencies = (
				78C6A0AF1B9782E900A02B78 /* PBXTargetDependency */,
			);
			name = NotesTests;
			productName = NotesTests;
			productReference = 78C6A0AD1B9782E900A02B78 /* NotesTests.xctest */;
			productType = "com.apple.product-type.bundle.unit-test";
		};
/* End PBXNativeTarget section */

/* Begin PBXProject section */
		78C6A08D1B9782E900A02B78 /* Project object */ = {
			isa = PBXProject;
			attributes = {
				LastUpgradeCheck = 0630;
				ORGANIZATIONNAME = "Igor Vaz";
				TargetAttributes = {
					78C6A0941B9782E900A02B78 = {
						CreatedOnToolsVersion = 6.3.1;
					};
					78C6A0AC1B9782E900A02B78 = {
						CreatedOnToolsVersion = 6.3.1;
						TestTargetID = 78C6A0941B9782E900A02B78;
					};
				};
			};
			buildConfigurationList = 78C6A0901B9782E900A02B78 /* Build configuration list for PBXProject "Notes" */;
			compatibilityVersion = "Xcode 3.2";
			developmentRegion = English;
			hasScannedForEncodings = 0;
			knownRegions = (
				en,
				Base,
			);
			mainGroup = 78C6A08C1B9782E900A02B78;
			productRefGroup = 78C6A0961B9782E900A02B78 /* Products */;
			projectDirPath = "";
			projectRoot = "";
			targets = (
				78C6A0941B9782E900A02B78 /* Notes */,
				78C6A0AC1B9782E900A02B78 /* NotesTests */,
			);
		};
/* End PBXProject section */

/* Begin PBXResourcesBuildPhase section */
		78C6A0931B9782E900A02B78 /* Resources */ = {
			isa = PBXResourcesBuildPhase;
			buildActionMask = 2147483647;
			files = (
				78C6A0A31B9782E900A02B78 /* Main.storyboard in Resources */,
				78C6A0A81B9782E900A02B78 /* LaunchScreen.xib in Resources */,
				78C6A0A51B9782E900A02B78 /* Images.xcassets in Resources */,
			);
			runOnlyForDeploymentPostprocessing = 0;
		};
		78C6A0AB1B9782E900A02B78 /* Resources */ = {
			isa = PBXResourcesBuildPhase;
			buildActionMask = 2147483647;
			files = (
			);
			runOnlyForDeploymentPostprocessing = 0;
		};
/* End PBXResourcesBuildPhase section */

/* Begin PBXSourcesBuildPhase section */
		78C6A0911B9782E900A02B78 /* Sources */ = {
			isa = PBXSourcesBuildPhase;
			buildActionMask = 2147483647;
			files = (
				78C6A0C01B97C29B00A02B78 /* ListViewController.swift in Sources */,
				78C6A0A01B9782E900A02B78 /* FoldersViewController.swift in Sources */,
				78C6A09B1B9782E900A02B78 /* AppDelegate.swift in Sources */,
				78C6A0BE1B97955500A02B78 /* NavigationControllerViewController.swift in Sources */,
				78C6A09E1B9782E900A02B78 /* Notes.xcdatamodeld in Sources */,
				78C6A0C21B97CA9E00A02B78 /* Note.swift in Sources */,
			);
			runOnlyForDeploymentPostprocessing = 0;
		};
		78C6A0A91B9782E900A02B78 /* Sources */ = {
			isa = PBXSourcesBuildPhase;
			buildActionMask = 2147483647;
			files = (
				78C6A0B41B9782E900A02B78 /* NotesTests.swift in Sources */,
			);
			runOnlyForDeploymentPostprocessing = 0;
		};
/* End PBXSourcesBuildPhase section */

/* Begin PBXTargetDependency section */
		78C6A0AF1B9782E900A02B78 /* PBXTargetDependency */ = {
			isa = PBXTargetDependency;
			target = 78C6A0941B9782E900A02B78 /* Notes */;
			targetProxy = 78C6A0AE1B9782E900A02B78 /* PBXContainerItemProxy */;
		};
/* End PBXTargetDependency section */

/* Begin PBXVariantGroup section */
		78C6A0A11B9782E900A02B78 /* Main.storyboard */ = {
			isa = PBXVariantGroup;
			children = (
				78C6A0A21B9782E900A02B78 /* Base */,
			);
			name = Main.storyboard;
			sourceTree = "<group>";
		};
		78C6A0A61B9782E900A02B78 /* LaunchScreen.xib */ = {
			isa = PBXVariantGroup;
			children = (
				78C6A0A71B9782E900A02B78 /* Base */,
			);
			name = LaunchScreen.xib;
			sourceTree = "<group>";
		};
/* End PBXVariantGroup section */

/* Begin XCBuildConfiguration section */
		78C6A0B51B9782E900A02B78 /* Debug */ = {
			isa = XCBuildConfiguration;
			buildSettings = {
				ALWAYS_SEARCH_USER_PATHS = NO;
				CLANG_CXX_LANGUAGE_STANDARD = "gnu++0x";
				CLANG_CXX_LIBRARY = "libc++";
				CLANG_ENABLE_MODULES = YES;
				CLANG_ENABLE_OBJC_ARC = YES;
				CLANG_WARN_BOOL_CONVERSION = YES;
				CLANG_WARN_CONSTANT_CONVERSION = YES;
				CLANG_WARN_DIRECT_OBJC_ISA_USAGE = YES_ERROR;
				CLANG_WARN_EMPTY_BODY = YES;
				CLANG_WARN_ENUM_CONVERSION = YES;
				CLANG_WARN_INT_CONVERSION = YES;
				CLANG_WARN_OBJC_ROOT_CLASS = YES_ERROR;
				CLANG_WARN_UNREACHABLE_CODE = YES;
				CLANG_WARN__DUPLICATE_METHOD_MATCH = YES;
				"CODE_SIGN_IDENTITY[sdk=iphoneos*]" = "iPhone Developer";
				COPY_PHASE_STRIP = NO;
				DEBUG_INFORMATION_FORMAT = "dwarf-with-dsym";
				ENABLE_STRICT_OBJC_MSGSEND = YES;
				GCC_C_LANGUAGE_STANDARD = gnu99;
				GCC_DYNAMIC_NO_PIC = NO;
				GCC_NO_COMMON_BLOCKS = YES;
				GCC_OPTIMIZATION_LEVEL = 0;
				GCC_PREPROCESSOR_DEFINITIONS = (
					"DEBUG=1",
					"$(inherited)",
				);
				GCC_SYMBOLS_PRIVATE_EXTERN = NO;
				GCC_WARN_64_TO_32_BIT_CONVERSION = YES;
				GCC_WARN_ABOUT_RETURN_TYPE = YES_ERROR;
				GCC_WARN_UNDECLARED_SELECTOR = YES;
				GCC_WARN_UNINITIALIZED_AUTOS = YES_AGGRESSIVE;
				GCC_WARN_UNUSED_FUNCTION = YES;
				GCC_WARN_UNUSED_VARIABLE = YES;
				IPHONEOS_DEPLOYMENT_TARGET = 8.3;
				MTL_ENABLE_DEBUG_INFO = YES;
				ONLY_ACTIVE_ARCH = YES;
				SDKROOT = iphoneos;
				SWIFT_OPTIMIZATION_LEVEL = "-Onone";
				TARGETED_DEVICE_FAMILY = "1,2";
			};
			name = Debug;
		};
		78C6A0B61B9782E900A02B78 /* Release */ = {
			isa = XCBuildConfiguration;
			buildSettings = {
				ALWAYS_SEARCH_USER_PATHS = NO;
				CLANG_CXX_LANGUAGE_STANDARD = "gnu++0x";
				CLANG_CXX_LIBRARY = "libc++";
				CLANG_ENABLE_MODULES = YES;
				CLANG_ENABLE_OBJC_ARC = YES;
				CLANG_WARN_BOOL_CONVERSION = YES;
				CLANG_WARN_CONSTANT_CONVERSION = YES;
				CLANG_WARN_DIRECT_OBJC_ISA_USAGE = YES_ERROR;
				CLANG_WARN_EMPTY_BODY = YES;
				CLANG_WARN_ENUM_CONVERSION = YES;
				CLANG_WARN_INT_CONVERSION = YES;
				CLANG_WARN_OBJC_ROOT_CLASS = YES_ERROR;
				CLANG_WARN_UNREACHABLE_CODE = YES;
				CLANG_WARN__DUPLICATE_METHOD_MATCH = YES;
				"CODE_SIGN_IDENTITY[sdk=iphoneos*]" = "iPhone Developer";
				COPY_PHASE_STRIP = NO;
				DEBUG_INFORMATION_FORMAT = "dwarf-with-dsym";
				ENABLE_NS_ASSERTIONS = NO;
				ENABLE_STRICT_OBJC_MSGSEND = YES;
				GCC_C_LANGUAGE_STANDARD = gnu99;
				GCC_NO_COMMON_BLOCKS = YES;
				GCC_WARN_64_TO_32_BIT_CONVERSION = YES;
				GCC_WARN_ABOUT_RETURN_TYPE = YES_ERROR;
				GCC_WARN_UNDECLARED_SELECTOR = YES;
				GCC_WARN_UNINITIALIZED_AUTOS = YES_AGGRESSIVE;
				GCC_WARN_UNUSED_FUNCTION = YES;
				GCC_WARN_UNUSED_VARIABLE = YES;
				IPHONEOS_DEPLOYMENT_TARGET = 8.3;
				MTL_ENABLE_DEBUG_INFO = NO;
				SDKROOT = iphoneos;
				TARGETED_DEVICE_FAMILY = "1,2";
				VALIDATE_PRODUCT = YES;
			};
			name = Release;
		};
		78C6A0B81B9782E900A02B78 /* Debug */ = {
			isa = XCBuildConfiguration;
			buildSettings = {
				ASSETCATALOG_COMPILER_APPICON_NAME = AppIcon;
				CODE_SIGN_IDENTITY = "iPhone Developer";
				INFOPLIST_FILE = Notes/Info.plist;
				LD_RUNPATH_SEARCH_PATHS = "$(inherited) @executable_path/Frameworks";
				PRODUCT_NAME = "$(TARGET_NAME)";
				TARGETED_DEVICE_FAMILY = "1,2";
			};
			name = Debug;
		};
		78C6A0B91B9782E900A02B78 /* Release */ = {
			isa = XCBuildConfiguration;
			buildSettings = {
				ASSETCATALOG_COMPILER_APPICON_NAME = AppIcon;
				CODE_SIGN_IDENTITY = "iPhone Developer";
				INFOPLIST_FILE = Notes/Info.plist;
				LD_RUNPATH_SEARCH_PATHS = "$(inherited) @executable_path/Frameworks";
				PRODUCT_NAME = "$(TARGET_NAME)";
				TARGETED_DEVICE_FAMILY = "1,2";
			};
			name = Release;
		};
		78C6A0BB1B9782E900A02B78 /* Debug */ = {
			isa = XCBuildConfiguration;
			buildSettings = {
				BUNDLE_LOADER = "$(TEST_HOST)";
				FRAMEWORK_SEARCH_PATHS = (
					"$(SDKROOT)/Developer/Library/Frameworks",
					"$(inherited)",
				);
				GCC_PREPROCESSOR_DEFINITIONS = (
					"DEBUG=1",
					"$(inherited)",
				);
				INFOPLIST_FILE = NotesTests/Info.plist;
				LD_RUNPATH_SEARCH_PATHS = "$(inherited) @executable_path/Frameworks @loader_path/Frameworks";
				PRODUCT_NAME = "$(TARGET_NAME)";
				TEST_HOST = "$(BUILT_PRODUCTS_DIR)/Notes.app/Notes";
			};
			name = Debug;
		};
		78C6A0BC1B9782E900A02B78 /* Release */ = {
			isa = XCBuildConfiguration;
			buildSettings = {
				BUNDLE_LOADER = "$(TEST_HOST)";
				FRAMEWORK_SEARCH_PATHS = (
					"$(SDKROOT)/Developer/Library/Frameworks",
					"$(inherited)",
				);
				INFOPLIST_FILE = NotesTests/Info.plist;
				LD_RUNPATH_SEARCH_PATHS = "$(inherited) @executable_path/Frameworks @loader_path/Frameworks";
				PRODUCT_NAME = "$(TARGET_NAME)";
				TEST_HOST = "$(BUILT_PRODUCTS_DIR)/Notes.app/Notes";
			};
			name = Release;
		};
/* End XCBuildConfiguration section */

/* Begin XCConfigurationList section */
		78C6A0901B9782E900A02B78 /* Build configuration list for PBXProject "Notes" */ = {
			isa = XCConfigurationList;
			buildConfigurations = (
				78C6A0B51B9782E900A02B78 /* Debug */,
				78C6A0B61B9782E900A02B78 /* Release */,
			);
			defaultConfigurationIsVisible = 0;
			defaultConfigurationName = Release;
		};
		78C6A0B71B9782E900A02B78 /* Build configuration list for PBXNativeTarget "Notes" */ = {
			isa = XCConfigurationList;
			buildConfigurations = (
				78C6A0B81B9782E900A02B78 /* Debug */,
				78C6A0B91B9782E900A02B78 /* Release */,
			);
			defaultConfigurationIsVisible = 0;
		};
		78C6A0BA1B9782E900A02B78 /* Build configuration list for PBXNativeTarget "NotesTests" */ = {
			isa = XCConfigurationList;
			buildConfigurations = (
				78C6A0BB1B9782E900A02B78 /* Debug */,
				78C6A0BC1B9782E900A02B78 /* Release */,
			);
			defaultConfigurationIsVisible = 0;
		};
/* End XCConfigurationList section */

/* Begin XCVersionGroup section */
		78C6A09C1B9782E900A02B78 /* Notes.xcdatamodeld */ = {
			isa = XCVersionGroup;
			children = (
				78C6A09D1B9782E900A02B78 /* Notes.xcdatamodel */,
			);
			currentVersion = 78C6A09D1B9782E900A02B78 /* Notes.xcdatamodel */;
			path = Notes.xcdatamodeld;
			sourceTree = "<group>";
			versionGroupType = wrapper.xcdatamodel;
		};
/* End XCVersionGroup section */
	};
	rootObject = 78C6A08D1B9782E900A02B78 /* Project object */;
}
